%{"certifi": {:hex, :certifi, "0.3.0"},
  "decimal": {:hex, :decimal, "1.1.1"},
  "distance_api_matrix": {:hex, :distance_api_matrix, "1.0.2"},
  "distancex": {:hex, :distancex, "0.1.0"},
  "geocoder": {:hex, :geocoder, "0.4.0"},
  "geohash": {:git, "https://github.com/treetopllc/geohash.git", "d662533ea50d80815acf36b8d101a2f579d43140", []},
  "hackney": {:hex, :hackney, "1.4.8"},
  "httpoison": {:hex, :httpoison, "0.8.1"},
  "idna": {:hex, :idna, "1.0.3"},
  "json": {:hex, :json, "0.3.3"},
  "mariaex": {:hex, :mariaex, "0.4.3"},
  "mimerl": {:hex, :mimerl, "1.0.2"},
  "poison": {:hex, :poison, "1.5.2"},
  "poolboy": {:hex, :poolboy, "1.5.1"},
  "ssl_verify_hostname": {:hex, :ssl_verify_hostname, "1.0.5"},
  "towel": {:hex, :towel, "0.2.1"}}
